
Microsoft Visual Studio Solution File, Format Version 12.00
# Visual Studio Version 16
VisualStudioVersion = 16.0.30128.74
MinimumVisualStudioVersion = 10.0.40219.1
Project("{8BC9CEB8-8B4A-11D0-8D11-00A0C91BC942}") = "test_refactor_edit_control_02", "test_refactor_edit_control_02\test_refactor_edit_control_02.vcxproj", "{60D2A632-CCEA-8D5C-9597-1DF6016F22F6}"
EndProject
Project("{8BC9CEB8-8B4A-11D0-8D11-00A0C91BC942}") = "json_reader", "json_reader\json_reader.vcxproj", "{91B4ED9C-FD69-6692-865E-6069F2125D96}"
EndProject
Project("{2150E333-8FDC-42A3-9474-1A3956D46DE8}") = "Solution Items", "Solution Items", "{55D22946-0C4A-4670-8243-A9055FB8D2DD}"
	ProjectSection(SolutionItems) = preProject
		changelog.md = changelog.md
		README.md = README.md
	EndProjectSection
EndProject
Global
	GlobalSection(SolutionConfigurationPlatforms) = preSolution
		Debug|64 = Debug|64
		Release|64 = Release|64
	EndGlobalSection
	GlobalSection(ProjectConfigurationPlatforms) = postSolution
		{60D2A632-CCEA-8D5C-9597-1DF6016F22F6}.Debug|64.ActiveCfg = Debug 64|x64
		{60D2A632-CCEA-8D5C-9597-1DF6016F22F6}.Debug|64.Build.0 = Debug 64|x64
		{60D2A632-CCEA-8D5C-9597-1DF6016F22F6}.Release|64.ActiveCfg = Release 64|x64
		{60D2A632-CCEA-8D5C-9597-1DF6016F22F6}.Release|64.Build.0 = Release 64|x64
		{91B4ED9C-FD69-6692-865E-6069F2125D96}.Debug|64.ActiveCfg = Debug 64|x64
		{91B4ED9C-FD69-6692-865E-6069F2125D96}.Debug|64.Build.0 = Debug 64|x64
		{91B4ED9C-FD69-6692-865E-6069F2125D96}.Release|64.ActiveCfg = Release 64|x64
		{91B4ED9C-FD69-6692-865E-6069F2125D96}.Release|64.Build.0 = Release 64|x64
	EndGlobalSection
	GlobalSection(SolutionProperties) = preSolution
		HideSolutionNode = FALSE
	EndGlobalSection
	GlobalSection(ExtensibilityGlobals) = postSolution
		SolutionGuid = {55FC125F-6C2C-4FB9-875C-6D9C07028C3A}
	EndGlobalSection
EndGlobal
