<?xml version="1.0" encoding="utf-8"?>
<Project ToolsVersion="4.0" xmlns="http://schemas.microsoft.com/developer/msbuild/2003">
  <ItemGroup>
    <Filter Include="intellisense_structures">
      <UniqueIdentifier>{17567CE1-838D-C478-8C97-289CF84DEB71}</UniqueIdentifier>
    </Filter>
    <Filter Include="src">
      <UniqueIdentifier>{2DAB880B-99B4-887C-2230-9F7C8E38947C}</UniqueIdentifier>
    </Filter>
    <Filter Include="src\edit_control">
      <UniqueIdentifier>{A2FDDEC0-8EF6-FD12-B728-E397A380DD1E}</UniqueIdentifier>
    </Filter>
    <Filter Include="src\edit_control\_edit_control">
      <UniqueIdentifier>{36DF3382-2205-FEE8-0B4B-83B4F70F23B5}</UniqueIdentifier>
    </Filter>
    <Filter Include="src\edit_control\_precompiled_headers">
      <UniqueIdentifier>{5F4E9C14-CB12-9B04-9478-CBCE00FC363A}</UniqueIdentifier>
    </Filter>
    <Filter Include="src\edit_control\dispatcher_system">
      <UniqueIdentifier>{5C508DD0-488C-903A-B19E-A8319DF93855}</UniqueIdentifier>
    </Filter>
    <Filter Include="src\edit_control\intellisense_system">
      <UniqueIdentifier>{C4FB12BE-B0E2-D4B5-5933-3BD345F94D1C}</UniqueIdentifier>
    </Filter>
    <Filter Include="src\edit_control\intellisense_system\parasers">
      <UniqueIdentifier>{F48B3322-60FC-359B-291B-B023954A6E9C}</UniqueIdentifier>
    </Filter>
    <Filter Include="src\edit_control\intellisense_system\parasers\entity">
      <UniqueIdentifier>{E031BA4D-CC70-64C9-75F3-40FB61111A34}</UniqueIdentifier>
    </Filter>
    <Filter Include="src\edit_control\keyboard_system">
      <UniqueIdentifier>{A6496447-929A-4F89-BBFE-3D4BA7AEE2F2}</UniqueIdentifier>
    </Filter>
    <Filter Include="src\edit_control\line_number_system">
      <UniqueIdentifier>{4556504C-B10F-BBF6-3A6F-D5D0A6277166}</UniqueIdentifier>
    </Filter>
    <Filter Include="src\edit_control\mouse_system">
      <UniqueIdentifier>{BE2C1BF7-2A45-0221-F3F1-91BA5FC996BA}</UniqueIdentifier>
    </Filter>
    <Filter Include="src\edit_control\render_system">
      <UniqueIdentifier>{35387613-215E-407A-0AA4-C545F6686546}</UniqueIdentifier>
    </Filter>
    <Filter Include="src\edit_control\scroll_bar_system">
      <UniqueIdentifier>{78816125-64BD-648F-CDCF-7C86B92A0DAA}</UniqueIdentifier>
    </Filter>
  </ItemGroup>
  <ItemGroup>
    <ClInclude Include="src\edit_control\_edit_control\caret_struct.h">
      <Filter>src\edit_control\_edit_control</Filter>
    </ClInclude>
    <ClInclude Include="src\edit_control\_edit_control\control_register.h">
      <Filter>src\edit_control\_edit_control</Filter>
    </ClInclude>
    <ClInclude Include="src\edit_control\_edit_control\edit_control.h">
      <Filter>src\edit_control\_edit_control</Filter>
    </ClInclude>
    <ClInclude Include="src\edit_control\_precompiled_headers\debugg_defines.h">
      <Filter>src\edit_control\_precompiled_headers</Filter>
    </ClInclude>
    <ClInclude Include="src\edit_control\_precompiled_headers\error_defines.h">
      <Filter>src\edit_control\_precompiled_headers</Filter>
    </ClInclude>
    <ClInclude Include="src\edit_control\_precompiled_headers\error_msg_defines.h">
      <Filter>src\edit_control\_precompiled_headers</Filter>
    </ClInclude>
    <ClInclude Include="src\edit_control\_precompiled_headers\pch.h">
      <Filter>src\edit_control\_precompiled_headers</Filter>
    </ClInclude>
    <ClInclude Include="src\edit_control\dispatcher_system\dispatcher.h">
      <Filter>src\edit_control\dispatcher_system</Filter>
    </ClInclude>
    <ClInclude Include="src\edit_control\keyboard_system\history_defines.h">
      <Filter>src\edit_control\keyboard_system</Filter>
    </ClInclude>
    <ClInclude Include="src\edit_control\keyboard_system\keyboard.h">
      <Filter>src\edit_control\keyboard_system</Filter>
    </ClInclude>
    <ClInclude Include="src\edit_control\line_number_system\line_number.h">
      <Filter>src\edit_control\line_number_system</Filter>
    </ClInclude>
    <ClInclude Include="src\edit_control\mouse_system\mouse.h">
      <Filter>src\edit_control\mouse_system</Filter>
    </ClInclude>
    <ClInclude Include="src\edit_control\render_system\render.h">
      <Filter>src\edit_control\render_system</Filter>
    </ClInclude>
    <ClInclude Include="src\edit_control\scroll_bar_system\scroll_bar.h">
      <Filter>src\edit_control\scroll_bar_system</Filter>
    </ClInclude>
    <ClInclude Include="src\edit_control\intellisense_system\error_handler.h" />
    <ClInclude Include="src\edit_control\intellisense_system\intelisense.h" />
    <ClInclude Include="src\edit_control\intellisense_system\is_parser_structs.h" />
    <ClInclude Include="src\edit_control\intellisense_system\parsers\minecraft_entity\entity_struct.h" />
  </ItemGroup>
  <ItemGroup>
    <ClCompile Include="src\Main.cpp">
      <Filter>src</Filter>
    </ClCompile>
    <ClCompile Include="src\edit_control\_edit_control\control_register.cpp">
      <Filter>src\edit_control\_edit_control</Filter>
    </ClCompile>
    <ClCompile Include="src\edit_control\_edit_control\edit_control.cpp">
      <Filter>src\edit_control\_edit_control</Filter>
    </ClCompile>
    <ClCompile Include="src\edit_control\_precompiled_headers\pch.cpp">
      <Filter>src\edit_control\_precompiled_headers</Filter>
    </ClCompile>
    <ClCompile Include="src\edit_control\dispatcher_system\dispatcher.cpp">
      <Filter>src\edit_control\dispatcher_system</Filter>
    </ClCompile>
    <ClCompile Include="src\edit_control\keyboard_system\helper_functions.cpp">
      <Filter>src\edit_control\keyboard_system</Filter>
    </ClCompile>
    <ClCompile Include="src\edit_control\keyboard_system\history.cpp">
      <Filter>src\edit_control\keyboard_system</Filter>
    </ClCompile>
    <ClCompile Include="src\edit_control\keyboard_system\keyboard.cpp">
      <Filter>src\edit_control\keyboard_system</Filter>
    </ClCompile>
    <ClCompile Include="src\edit_control\line_number_system\line_number.cpp">
      <Filter>src\edit_control\line_number_system</Filter>
    </ClCompile>
    <ClCompile Include="src\edit_control\mouse_system\mouse.cpp">
      <Filter>src\edit_control\mouse_system</Filter>
    </ClCompile>
    <ClCompile Include="src\edit_control\render_system\render.cpp">
      <Filter>src\edit_control\render_system</Filter>
    </ClCompile>
    <ClCompile Include="src\edit_control\scroll_bar_system\scroll_bar.cpp">
      <Filter>src\edit_control\scroll_bar_system</Filter>
    </ClCompile>
    <ClCompile Include="src\edit_control\intellisense_system\error_handler.cpp" />
    <ClCompile Include="src\edit_control\intellisense_system\intellisense.cpp" />
    <ClCompile Include="src\edit_control\intellisense_system\is_logic.cpp" />
    <ClCompile Include="src\edit_control\intellisense_system\parsers\brigadier_bool\brigadier_bool.cpp" />
    <ClCompile Include="src\edit_control\intellisense_system\parsers\brigadier_double\brigadier_double.cpp" />
    <ClCompile Include="src\edit_control\intellisense_system\parsers\brigadier_float\brigadier_float.cpp" />
    <ClCompile Include="src\edit_control\intellisense_system\parsers\brigadier_integer\brigadier_integer.cpp" />
    <ClCompile Include="src\edit_control\intellisense_system\parsers\minecraft_block_predicate\minecraft_block_predicate.cpp" />
    <ClCompile Include="src\edit_control\intellisense_system\parsers\minecraft_color\minecraft_color.cpp" />
    <ClCompile Include="src\edit_control\intellisense_system\parsers\minecraft_column_pos\minecraft_column_pos.cpp" />
    <ClCompile Include="src\edit_control\intellisense_system\parsers\minecraft_component\minecraft_component.cpp" />
    <ClCompile Include="src\edit_control\intellisense_system\parsers\minecraft_dimension\minecraft_dimension.cpp" />
    <ClCompile Include="src\edit_control\intellisense_system\parsers\minecraft_entity\entity.cpp" />
    <ClCompile Include="src\edit_control\intellisense_system\parsers\minecraft_entity\param_validator.cpp" />
    <ClCompile Include="src\edit_control\intellisense_system\parsers\minecraft_entity_anchor\minecraft_entity_anchor.cpp" />
    <ClCompile Include="src\edit_control\intellisense_system\parsers\minecraft_entity_summon\minecraft_entity_summon.cpp" />
    <ClCompile Include="src\edit_control\intellisense_system\parsers\minecraft_function\minecraft_function.cpp" />
    <ClCompile Include="src\edit_control\intellisense_system\parsers\minecraft_game_profile\minecraft_game_profile.cpp" />
    <ClCompile Include="src\edit_control\intellisense_system\parsers\minecraft_int_range\minecraft_int_range.cpp" />
    <ClCompile Include="src\edit_control\intellisense_system\parsers\minecraft_item_enchantment\minecraft_item_enchantment.cpp" />
    <ClCompile Include="src\edit_control\intellisense_system\parsers\minecraft_item_predicate\minecraft_item_predicate.cpp" />
    <ClCompile Include="src\edit_control\intellisense_system\parsers\minecraft_item_stack\minecraft_item_stack.cpp" />
    <ClCompile Include="src\edit_control\intellisense_system\parsers\minecraft_message\minecraft_message.cpp" />
    <ClCompile Include="src\edit_control\intellisense_system\parsers\minecraft_mob_effect\minecraft_mob_effect.cpp" />
    <ClCompile Include="src\edit_control\intellisense_system\parsers\minecraft_nbt_compound_tag\minecraft_nbt_compound_tag.cpp" />
    <ClCompile Include="src\edit_control\intellisense_system\parsers\minecraft_nbt_path\minecraft_nbt_path.cpp" />
    <ClCompile Include="src\edit_control\intellisense_system\parsers\minecraft_nbt_tag\minecraft_nbt_tag.cpp" />
    <ClCompile Include="src\edit_control\intellisense_system\parsers\minecraft_objective\minecraft_objective.cpp" />
    <ClCompile Include="src\edit_control\intellisense_system\parsers\minecraft_objective_criteria\minecraft_objective_criteria.cpp" />
    <ClCompile Include="src\edit_control\intellisense_system\parsers\minecraft_operation\minecraft_operation.cpp" />
    <ClCompile Include="src\edit_control\intellisense_system\parsers\minecraft_particle\minecraft_particle.cpp" />
    <ClCompile Include="src\edit_control\intellisense_system\parsers\minecraft_resource_location\minecraft_resource_location.cpp" />
    <ClCompile Include="src\edit_control\intellisense_system\parsers\minecraft_rotation\minecraft_rotation.cpp" />
    <ClCompile Include="src\edit_control\intellisense_system\parsers\minecraft_score_holder\minecraft_score_holder.cpp" />
    <ClCompile Include="src\edit_control\intellisense_system\parsers\minecraft_scoreboard_slot\minecraft_scoreboard_slot.cpp" />
    <ClCompile Include="src\edit_control\intellisense_system\parsers\minecraft_swizzle\minecraft_swizzle.cpp" />
    <ClCompile Include="src\edit_control\intellisense_system\parsers\minecraft_team\minecraft_team.cpp" />
    <ClCompile Include="src\edit_control\intellisense_system\parsers\minecraft_time\minecraft_time.cpp" />
    <ClCompile Include="src\edit_control\intellisense_system\parsers\minecraft_vec2\minecraft_vec2.cpp" />
    <ClCompile Include="src\edit_control\intellisense_system\parsers\minecraft_vec3\minecraft_vec3.cpp" />
    <ClCompile Include="src\edit_control\intellisense_system\parsers\parsers.cpp" />
    <ClCompile Include="src\edit_control\intellisense_system\parsers\minecraft_block_pos\minecraft_block_pos.cpp" />
    <ClCompile Include="src\edit_control\intellisense_system\parsers\brigadier_string\brigadier_string.cpp" />
  </ItemGroup>
  <ItemGroup>
    <None Include="src\edit_control\_edit_control\edit_contorl_docs.txt">
      <Filter>src\edit_control\_edit_control</Filter>
    </None>
    <None Include="intellisense_structures\linker.json">
      <Filter>intellisense_structures</Filter>
    </None>
    <None Include="intellisense_structures\parsers\minecraft_color.json" />
    <None Include="intellisense_structures\parsers\minecraft_block_predicate.json" />
    <None Include="intellisense_structures\parsers\commands.json">
      <Filter>intellisense_structures</Filter>
    </None>
    <None Include="changelog.md" />
    <None Include="src\edit_control\intellisense_system\parsers\parsers.md" />
    <None Include="intellisense_structures\parsers\minecraft_item_stack.json" />
    <None Include="intellisense_structures\parsers\minecraft_entity_anchor.json" />
    <None Include="intellisense_structures\parsers\minecraft_entity_summon.json" />
    <None Include="intellisense_structures\parsers\minecraft_item_enchantment.json" />
    <None Include="intellisense_structures\parsers\minecraft_mob_effect.json" />
    <None Include="intellisense_structures\parsers\minecraft_particle.json" />
    <None Include="intellisense_structures\parsers\minecraft_operation.json" />
    <None Include="intellisense_structures\parsers\minecraft_objective_criteria.json" />
    <None Include="src\edit_control\intellisense_system\parsers\done_parsers.md" />
    <None Include="intellisense_structures\parsers\minecraft_scoreboard_slot.json" />
    <None Include="intellisense_structures\parsers\minecraft_dimension.json" />
    <None Include="intellisense_structures\parsers\minecraft_item_predicate.json" />
  </ItemGroup>
  <ItemGroup>
    <Image Include="bkg_image.bmp" />
    <Image Include="icons8-folder-32.png" />
    <Image Include="icons8-opened-folder-32.png" />
  </ItemGroup>
</Project>