<?xml version="1.0" encoding="utf-8"?>
<Project ToolsVersion="4.0" xmlns="http://schemas.microsoft.com/developer/msbuild/2003">
  <ItemGroup>
    <Filter Include="intellisense_structures">
      <UniqueIdentifier>{17567CE1-838D-C478-8C97-289CF84DEB71}</UniqueIdentifier>
    </Filter>
    <Filter Include="src">
      <UniqueIdentifier>{2DAB880B-99B4-887C-2230-9F7C8E38947C}</UniqueIdentifier>
    </Filter>
    <Filter Include="src\edit_control">
      <UniqueIdentifier>{A2FDDEC0-8EF6-FD12-B728-E397A380DD1E}</UniqueIdentifier>
    </Filter>
    <Filter Include="src\edit_control\_edit_control">
      <UniqueIdentifier>{36DF3382-2205-FEE8-0B4B-83B4F70F23B5}</UniqueIdentifier>
    </Filter>
    <Filter Include="src\edit_control\_precompiled_headers">
      <UniqueIdentifier>{5F4E9C14-CB12-9B04-9478-CBCE00FC363A}</UniqueIdentifier>
    </Filter>
    <Filter Include="src\edit_control\dispatcher_system">
      <UniqueIdentifier>{5C508DD0-488C-903A-B19E-A8319DF93855}</UniqueIdentifier>
    </Filter>
    <Filter Include="src\edit_control\intellisense_system">
      <UniqueIdentifier>{C4FB12BE-B0E2-D4B5-5933-3BD345F94D1C}</UniqueIdentifier>
    </Filter>
    <Filter Include="src\edit_control\intellisense_system\parasers">
      <UniqueIdentifier>{F48B3322-60FC-359B-291B-B023954A6E9C}</UniqueIdentifier>
    </Filter>
    <Filter Include="src\edit_control\intellisense_system\parasers\entity">
      <UniqueIdentifier>{E031BA4D-CC70-64C9-75F3-40FB61111A34}</UniqueIdentifier>
    </Filter>
    <Filter Include="src\edit_control\keyboard_system">
      <UniqueIdentifier>{A6496447-929A-4F89-BBFE-3D4BA7AEE2F2}</UniqueIdentifier>
    </Filter>
    <Filter Include="src\edit_control\line_number_system">
      <UniqueIdentifier>{4556504C-B10F-BBF6-3A6F-D5D0A6277166}</UniqueIdentifier>
    </Filter>
    <Filter Include="src\edit_control\mouse_system">
      <UniqueIdentifier>{BE2C1BF7-2A45-0221-F3F1-91BA5FC996BA}</UniqueIdentifier>
    </Filter>
    <Filter Include="src\edit_control\render_system">
      <UniqueIdentifier>{35387613-215E-407A-0AA4-C545F6686546}</UniqueIdentifier>
    </Filter>
    <Filter Include="src\edit_control\scroll_bar_system">
      <UniqueIdentifier>{78816125-64BD-648F-CDCF-7C86B92A0DAA}</UniqueIdentifier>
    </Filter>
  </ItemGroup>
  <ItemGroup>
    <ClInclude Include="src\edit_control\_edit_control\caret_struct.h">
      <Filter>src\edit_control\_edit_control</Filter>
    </ClInclude>
    <ClInclude Include="src\edit_control\_edit_control\control_register.h">
      <Filter>src\edit_control\_edit_control</Filter>
    </ClInclude>
    <ClInclude Include="src\edit_control\_edit_control\edit_control.h">
      <Filter>src\edit_control\_edit_control</Filter>
    </ClInclude>
    <ClInclude Include="src\edit_control\_precompiled_headers\debugg_defines.h">
      <Filter>src\edit_control\_precompiled_headers</Filter>
    </ClInclude>
    <ClInclude Include="src\edit_control\_precompiled_headers\error_defines.h">
      <Filter>src\edit_control\_precompiled_headers</Filter>
    </ClInclude>
    <ClInclude Include="src\edit_control\_precompiled_headers\error_msg_defines.h">
      <Filter>src\edit_control\_precompiled_headers</Filter>
    </ClInclude>
    <ClInclude Include="src\edit_control\_precompiled_headers\pch.h">
      <Filter>src\edit_control\_precompiled_headers</Filter>
    </ClInclude>
    <ClInclude Include="src\edit_control\dispatcher_system\dispatcher.h">
      <Filter>src\edit_control\dispatcher_system</Filter>
    </ClInclude>
    <ClInclude Include="src\edit_control\intellisense_system\error_handler.h">
      <Filter>src\edit_control\intellisense_system</Filter>
    </ClInclude>
    <ClInclude Include="src\edit_control\intellisense_system\intelisense.h">
      <Filter>src\edit_control\intellisense_system</Filter>
    </ClInclude>
    <ClInclude Include="src\edit_control\intellisense_system\is_parser_structs.h">
      <Filter>src\edit_control\intellisense_system</Filter>
    </ClInclude>
    <ClInclude Include="src\edit_control\intellisense_system\parasers\entity\entity_struct.h">
      <Filter>src\edit_control\intellisense_system\parasers\entity</Filter>
    </ClInclude>
    <ClInclude Include="src\edit_control\intellisense_system\parasers\parasers.h">
      <Filter>src\edit_control\intellisense_system\parasers</Filter>
    </ClInclude>
    <ClInclude Include="src\edit_control\keyboard_system\history_defines.h">
      <Filter>src\edit_control\keyboard_system</Filter>
    </ClInclude>
    <ClInclude Include="src\edit_control\keyboard_system\keyboard.h">
      <Filter>src\edit_control\keyboard_system</Filter>
    </ClInclude>
    <ClInclude Include="src\edit_control\line_number_system\line_number.h">
      <Filter>src\edit_control\line_number_system</Filter>
    </ClInclude>
    <ClInclude Include="src\edit_control\mouse_system\mouse.h">
      <Filter>src\edit_control\mouse_system</Filter>
    </ClInclude>
    <ClInclude Include="src\edit_control\render_system\render.h">
      <Filter>src\edit_control\render_system</Filter>
    </ClInclude>
    <ClInclude Include="src\edit_control\scroll_bar_system\scroll_bar.h">
      <Filter>src\edit_control\scroll_bar_system</Filter>
    </ClInclude>
  </ItemGroup>
  <ItemGroup>
    <ClCompile Include="src\Main.cpp">
      <Filter>src</Filter>
    </ClCompile>
    <ClCompile Include="src\edit_control\_edit_control\control_register.cpp">
      <Filter>src\edit_control\_edit_control</Filter>
    </ClCompile>
    <ClCompile Include="src\edit_control\_edit_control\edit_control.cpp">
      <Filter>src\edit_control\_edit_control</Filter>
    </ClCompile>
    <ClCompile Include="src\edit_control\_precompiled_headers\pch.cpp">
      <Filter>src\edit_control\_precompiled_headers</Filter>
    </ClCompile>
    <ClCompile Include="src\edit_control\dispatcher_system\dispatcher.cpp">
      <Filter>src\edit_control\dispatcher_system</Filter>
    </ClCompile>
    <ClCompile Include="src\edit_control\intellisense_system\error_handler.cpp">
      <Filter>src\edit_control\intellisense_system</Filter>
    </ClCompile>
    <ClCompile Include="src\edit_control\intellisense_system\intellisense.cpp">
      <Filter>src\edit_control\intellisense_system</Filter>
    </ClCompile>
    <ClCompile Include="src\edit_control\intellisense_system\is_logic.cpp">
      <Filter>src\edit_control\intellisense_system</Filter>
    </ClCompile>
    <ClCompile Include="src\edit_control\intellisense_system\parasers\entity\entity.cpp">
      <Filter>src\edit_control\intellisense_system\parasers\entity</Filter>
    </ClCompile>
    <ClCompile Include="src\edit_control\keyboard_system\helper_functions.cpp">
      <Filter>src\edit_control\keyboard_system</Filter>
    </ClCompile>
    <ClCompile Include="src\edit_control\keyboard_system\history.cpp">
      <Filter>src\edit_control\keyboard_system</Filter>
    </ClCompile>
    <ClCompile Include="src\edit_control\keyboard_system\keyboard.cpp">
      <Filter>src\edit_control\keyboard_system</Filter>
    </ClCompile>
    <ClCompile Include="src\edit_control\line_number_system\line_number.cpp">
      <Filter>src\edit_control\line_number_system</Filter>
    </ClCompile>
    <ClCompile Include="src\edit_control\mouse_system\mouse.cpp">
      <Filter>src\edit_control\mouse_system</Filter>
    </ClCompile>
    <ClCompile Include="src\edit_control\render_system\render.cpp">
      <Filter>src\edit_control\render_system</Filter>
    </ClCompile>
    <ClCompile Include="src\edit_control\scroll_bar_system\scroll_bar.cpp">
      <Filter>src\edit_control\scroll_bar_system</Filter>
    </ClCompile>
  </ItemGroup>
  <ItemGroup>
    <None Include="e32" />
    <None Include="intellisense_structures\commands.json">
      <Filter>intellisense_structures</Filter>
    </None>
    <None Include="intellisense_structures\commands_test.json">
      <Filter>intellisense_structures</Filter>
    </None>
    <None Include="intellisense_structures\file.json">
      <Filter>intellisense_structures</Filter>
    </None>
    <None Include="intellisense_structures\mc_command_structure.json">
      <Filter>intellisense_structures</Filter>
    </None>
    <None Include="src\edit_control\_edit_control\edit_contorl_docs.txt">
      <Filter>src\edit_control\_edit_control</Filter>
    </None>
  </ItemGroup>
  <ItemGroup>
    <Image Include="bkg_image.bmp" />
    <Image Include="icons8-folder-32.png" />
    <Image Include="icons8-opened-folder-32.png" />
  </ItemGroup>
</Project>